
Microsoft Visual Studio Solution File, Format Version 12.00
# Visual Studio Version 16
VisualStudioVersion = 16.0.31112.23
MinimumVisualStudioVersion = 10.0.40219.1
Project("{FAE04EC0-301F-11D3-BF4B-00C04F79EFBC}") = "MVVMCMltiThrdngAsnchrny0", "MVVMCMltiThrdngAsnchrny0\MVVMCMltiThrdngAsnchrny0.csproj", "{BAD7F895-F687-4BAC-A6E7-D737DC064324}"
EndProject
Global
	GlobalSection(SolutionConfigurationPlatforms) = preSolution
		Debug|Any CPU = Debug|Any CPU
		Release|Any CPU = Release|Any CPU
	EndGlobalSection
	GlobalSection(ProjectConfigurationPlatforms) = postSolution
		{BAD7F895-F687-4BAC-A6E7-D737DC064324}.Debug|Any CPU.ActiveCfg = Debug|Any CPU
		{BAD7F895-F687-4BAC-A6E7-D737DC064324}.Debug|Any CPU.Build.0 = Debug|Any CPU
		{BAD7F895-F687-4BAC-A6E7-D737DC064324}.Release|Any CPU.ActiveCfg = Release|Any CPU
		{BAD7F895-F687-4BAC-A6E7-D737DC064324}.Release|Any CPU.Build.0 = Release|Any CPU
	EndGlobalSection
	GlobalSection(SolutionProperties) = preSolution
		HideSolutionNode = FALSE
	EndGlobalSection
	GlobalSection(ExtensibilityGlobals) = postSolution
		SolutionGuid = {BD982E14-6300-488E-A9B9-FB85AC564350}
	EndGlobalSection
EndGlobal
